
Microsoft Visual Studio Solution File, Format Version 12.00
# Visual Studio Version 17
VisualStudioVersion = 17.6.33712.159
MinimumVisualStudioVersion = 10.0.40219.1
Project("{FAE04EC0-301F-11D3-BF4B-00C04F79EFBC}") = "Launcher", "Launcher\Launcher.csproj", "{A0608A0A-421B-4E1C-8F31-223539BD6D1F}"
EndProject
Global
	GlobalSection(SolutionConfigurationPlatforms) = preSolution
		Debug|Any CPU = Debug|Any CPU
		Release|Any CPU = Release|Any CPU
	EndGlobalSection
	GlobalSection(ProjectConfigurationPlatforms) = postSolution
		{A0608A0A-421B-4E1C-8F31-223539BD6D1F}.Debug|Any CPU.ActiveCfg = Debug|Any CPU
		{A0608A0A-421B-4E1C-8F31-223539BD6D1F}.Debug|Any CPU.Build.0 = Debug|Any CPU
		{A0608A0A-421B-4E1C-8F31-223539BD6D1F}.Release|Any CPU.ActiveCfg = Release|Any CPU
		{A0608A0A-421B-4E1C-8F31-223539BD6D1F}.Release|Any CPU.Build.0 = Release|Any CPU
	EndGlobalSection
	GlobalSection(SolutionProperties) = preSolution
		HideSolutionNode = FALSE
	EndGlobalSection
	GlobalSection(ExtensibilityGlobals) = postSolution
		SolutionGuid = {64F17FBC-0F12-40A2-9324-AFBFEC89447B}
	EndGlobalSection
EndGlobal
